// !$*UTF8*$!
{
	archiveVersion = 1;
	classes = {
	};
	objectVersion = 51;
	objects = {

/* Begin PBXBuildFile section */
		79F25053E3C6975F0D0E9A03 /* Pods_Password_Logger.framework in Frameworks */ = {isa = PBXBuildFile; fileRef = 706FCF0A81D90419282B4461 /* Pods_Password_Logger.framework */; };
		FA67806425B32CC9005DB253 /* AppDelegate+Resolving.swift in Sources */ = {isa = PBXBuildFile; fileRef = FA67806325B32CC2005DB253 /* AppDelegate+Resolving.swift */; };
		FA8B3E1925B3243E00010B15 /* AccountRepository.swift in Sources */ = {isa = PBXBuildFile; fileRef = FA8B3E1825B3243E00010B15 /* AccountRepository.swift */; };
		FA8D2F8F25B4A024003C934C /* AddingAccounts.swift in Sources */ = {isa = PBXBuildFile; fileRef = FA8D2F8E25B4A024003C934C /* AddingAccounts.swift */; };
		FAD1BC6F25B1FAE000BFA36D /* Password_LoggerApp.swift in Sources */ = {isa = PBXBuildFile; fileRef = FAD1BC6E25B1FAE000BFA36D /* Password_LoggerApp.swift */; };
		FAD1BC7125B1FAE000BFA36D /* LoginView.swift in Sources */ = {isa = PBXBuildFile; fileRef = FAD1BC7025B1FAE000BFA36D /* LoginView.swift */; };
		FAD1BC7325B1FAE100BFA36D /* Assets.xcassets in Resources */ = {isa = PBXBuildFile; fileRef = FAD1BC7225B1FAE100BFA36D /* Assets.xcassets */; };
		FAD1BC7625B1FAE100BFA36D /* Preview Assets.xcassets in Resources */ = {isa = PBXBuildFile; fileRef = FAD1BC7525B1FAE100BFA36D /* Preview Assets.xcassets */; };
		FAD1BC8025B200EA00BFA36D /* AccountCreationView.swift in Sources */ = {isa = PBXBuildFile; fileRef = FAD1BC7F25B200EA00BFA36D /* AccountCreationView.swift */; };
		FAD1BC8325B2115E00BFA36D /* Accounts.swift in Sources */ = {isa = PBXBuildFile; fileRef = FAD1BC8225B2115E00BFA36D /* Accounts.swift */; };
		FAD1BC8625B2127C00BFA36D /* AccountsView.swift in Sources */ = {isa = PBXBuildFile; fileRef = FAD1BC8525B2127C00BFA36D /* AccountsView.swift */; };
		FAD1BC8925B21D4E00BFA36D /* PasswordListViewModel.swift in Sources */ = {isa = PBXBuildFile; fileRef = FAD1BC8825B21D4E00BFA36D /* PasswordListViewModel.swift */; };
		FAD1BC8C25B21E5900BFA36D /* PasswordsCellViewModel.swift in Sources */ = {isa = PBXBuildFile; fileRef = FAD1BC8B25B21E5900BFA36D /* PasswordsCellViewModel.swift */; };
/* End PBXBuildFile section */

/* Begin PBXFileReference section */
		10F5CCFEE3946486F8E09643 /* Pods-Password Logger.debug.xcconfig */ = {isa = PBXFileReference; includeInIndex = 1; lastKnownFileType = text.xcconfig; name = "Pods-Password Logger.debug.xcconfig"; path = "Target Support Files/Pods-Password Logger/Pods-Password Logger.debug.xcconfig"; sourceTree = "<group>"; };
		706FCF0A81D90419282B4461 /* Pods_Password_Logger.framework */ = {isa = PBXFileReference; explicitFileType = wrapper.framework; includeInIndex = 0; path = Pods_Password_Logger.framework; sourceTree = BUILT_PRODUCTS_DIR; };
		D8FB56B81141FDFBDA2F4A4A /* Pods-Password Logger.release.xcconfig */ = {isa = PBXFileReference; includeInIndex = 1; lastKnownFileType = text.xcconfig; name = "Pods-Password Logger.release.xcconfig"; path = "Target Support Files/Pods-Password Logger/Pods-Password Logger.release.xcconfig"; sourceTree = "<group>"; };
		FA67806325B32CC2005DB253 /* AppDelegate+Resolving.swift */ = {isa = PBXFileReference; lastKnownFileType = sourcecode.swift; path = "AppDelegate+Resolving.swift"; sourceTree = "<group>"; };
		FA8B3E1825B3243E00010B15 /* AccountRepository.swift */ = {isa = PBXFileReference; lastKnownFileType = sourcecode.swift; path = AccountRepository.swift; sourceTree = "<group>"; };
		FA8B3E7925B492B500010B15 /* Password Logger.entitlements */ = {isa = PBXFileReference; lastKnownFileType = text.plist.entitlements; path = "Password Logger.entitlements"; sourceTree = "<group>"; };
		FA8D2F8E25B4A024003C934C /* AddingAccounts.swift */ = {isa = PBXFileReference; lastKnownFileType = sourcecode.swift; path = AddingAccounts.swift; sourceTree = "<group>"; };
		FAD1BC6B25B1FAE000BFA36D /* Password Logger.app */ = {isa = PBXFileReference; explicitFileType = wrapper.application; includeInIndex = 0; path = "Password Logger.app"; sourceTree = BUILT_PRODUCTS_DIR; };
		FAD1BC6E25B1FAE000BFA36D /* Password_LoggerApp.swift */ = {isa = PBXFileReference; lastKnownFileType = sourcecode.swift; path = Password_LoggerApp.swift; sourceTree = "<group>"; };
		FAD1BC7025B1FAE000BFA36D /* LoginView.swift */ = {isa = PBXFileReference; lastKnownFileType = sourcecode.swift; path = LoginView.swift; sourceTree = "<group>"; };
		FAD1BC7225B1FAE100BFA36D /* Assets.xcassets */ = {isa = PBXFileReference; lastKnownFileType = folder.assetcatalog; path = Assets.xcassets; sourceTree = "<group>"; };
		FAD1BC7525B1FAE100BFA36D /* Preview Assets.xcassets */ = {isa = PBXFileReference; lastKnownFileType = folder.assetcatalog; path = "Preview Assets.xcassets"; sourceTree = "<group>"; };
		FAD1BC7725B1FAE100BFA36D /* Info.plist */ = {isa = PBXFileReference; lastKnownFileType = text.plist.xml; path = Info.plist; sourceTree = "<group>"; };
		FAD1BC7F25B200EA00BFA36D /* AccountCreationView.swift */ = {isa = PBXFileReference; lastKnownFileType = sourcecode.swift; path = AccountCreationView.swift; sourceTree = "<group>"; };
		FAD1BC8225B2115E00BFA36D /* Accounts.swift */ = {isa = PBXFileReference; lastKnownFileType = sourcecode.swift; path = Accounts.swift; sourceTree = "<group>"; };
		FAD1BC8525B2127C00BFA36D /* AccountsView.swift */ = {isa = PBXFileReference; lastKnownFileType = sourcecode.swift; path = AccountsView.swift; sourceTree = "<group>"; };
		FAD1BC8825B21D4E00BFA36D /* PasswordListViewModel.swift */ = {isa = PBXFileReference; lastKnownFileType = sourcecode.swift; path = PasswordListViewModel.swift; sourceTree = "<group>"; };
		FAD1BC8B25B21E5900BFA36D /* PasswordsCellViewModel.swift */ = {isa = PBXFileReference; lastKnownFileType = sourcecode.swift; path = PasswordsCellViewModel.swift; sourceTree = "<group>"; };
/* End PBXFileReference section */

/* Begin PBXFrameworksBuildPhase section */
		FAD1BC6825B1FAE000BFA36D /* Frameworks */ = {
			isa = PBXFrameworksBuildPhase;
			buildActionMask = 2147483647;
			files = (
				79F25053E3C6975F0D0E9A03 /* Pods_Password_Logger.framework in Frameworks */,
			);
			runOnlyForDeploymentPostprocessing = 0;
		};
/* End PBXFrameworksBuildPhase section */

/* Begin PBXGroup section */
		44E6BAB5BB425242D0E73374 /* Frameworks */ = {
			isa = PBXGroup;
			children = (
				706FCF0A81D90419282B4461 /* Pods_Password_Logger.framework */,
			);
			name = Frameworks;
			sourceTree = "<group>";
		};
		6D0E17ADD6471C70D599B530 /* Pods */ = {
			isa = PBXGroup;
			children = (
				10F5CCFEE3946486F8E09643 /* Pods-Password Logger.debug.xcconfig */,
				D8FB56B81141FDFBDA2F4A4A /* Pods-Password Logger.release.xcconfig */,
			);
			path = Pods;
			sourceTree = "<group>";
		};
		FAD1BC6225B1FAE000BFA36D = {
			isa = PBXGroup;
			children = (
				FAD1BC6D25B1FAE000BFA36D /* Password Logger */,
				FAD1BC6C25B1FAE000BFA36D /* Products */,
				6D0E17ADD6471C70D599B530 /* Pods */,
				44E6BAB5BB425242D0E73374 /* Frameworks */,
			);
			sourceTree = "<group>";
		};
		FAD1BC6C25B1FAE000BFA36D /* Products */ = {
			isa = PBXGroup;
			children = (
				FAD1BC6B25B1FAE000BFA36D /* Password Logger.app */,
			);
			name = Products;
			sourceTree = "<group>";
		};
		FAD1BC6D25B1FAE000BFA36D /* Password Logger */ = {
			isa = PBXGroup;
			children = (
				FA8B3E7925B492B500010B15 /* Password Logger.entitlements */,
				FAD1BC6E25B1FAE000BFA36D /* Password_LoggerApp.swift */,
				FAD1BC9025B2260800BFA36D /* Views */,
				FAD1BC8F25B225F100BFA36D /* Model */,
				FAD1BC8E25B225D400BFA36D /* View Models */,
				FAD1BC7225B1FAE100BFA36D /* Assets.xcassets */,
				FAD1BC7725B1FAE100BFA36D /* Info.plist */,
				FA67806325B32CC2005DB253 /* AppDelegate+Resolving.swift */,
				FAD1BC7425B1FAE100BFA36D /* Preview Content */,
			);
			path = "Password Logger";
			sourceTree = "<group>";
		};
		FAD1BC7425B1FAE100BFA36D /* Preview Content */ = {
			isa = PBXGroup;
			children = (
				FAD1BC7525B1FAE100BFA36D /* Preview Assets.xcassets */,
			);
			path = "Preview Content";
			sourceTree = "<group>";
		};
		FAD1BC8E25B225D400BFA36D /* View Models */ = {
			isa = PBXGroup;
			children = (
				FAD1BC8B25B21E5900BFA36D /* PasswordsCellViewModel.swift */,
				FA8B3E1825B3243E00010B15 /* AccountRepository.swift */,
				FA8D2F8E25B4A024003C934C /* AddingAccounts.swift */,
				FAD1BC8825B21D4E00BFA36D /* PasswordListViewModel.swift */,
			);
			path = "View Models";
			sourceTree = "<group>";
		};
		FAD1BC8F25B225F100BFA36D /* Model */ = {
			isa = PBXGroup;
			children = (
				FAD1BC8225B2115E00BFA36D /* Accounts.swift */,
			);
			path = Model;
			sourceTree = "<group>";
		};
		FAD1BC9025B2260800BFA36D /* Views */ = {
			isa = PBXGroup;
			children = (
				FAD1BC8525B2127C00BFA36D /* AccountsView.swift */,
				FAD1BC7F25B200EA00BFA36D /* AccountCreationView.swift */,
				FAD1BC7025B1FAE000BFA36D /* LoginView.swift */,
			);
			path = Views;
			sourceTree = "<group>";
		};
/* End PBXGroup section */

/* Begin PBXNativeTarget section */
		FAD1BC6A25B1FAE000BFA36D /* Password Logger */ = {
			isa = PBXNativeTarget;
			buildConfigurationList = FAD1BC7A25B1FAE100BFA36D /* Build configuration list for PBXNativeTarget "Password Logger" */;
			buildPhases = (
				29C40EA6926565F8A57A69F2 /* [CP] Check Pods Manifest.lock */,
				FAD1BC6725B1FAE000BFA36D /* Sources */,
				FAD1BC6825B1FAE000BFA36D /* Frameworks */,
				FAD1BC6925B1FAE000BFA36D /* Resources */,
				2F79A9F5DD8DF3AF532F0663 /* [CP] Embed Pods Frameworks */,
			);
			buildRules = (
			);
			dependencies = (
			);
			name = "Password Logger";
			productName = "Password Logger";
			productReference = FAD1BC6B25B1FAE000BFA36D /* Password Logger.app */;
			productType = "com.apple.product-type.application";
		};
/* End PBXNativeTarget section */

/* Begin PBXProject section */
		FAD1BC6325B1FAE000BFA36D /* Project object */ = {
			isa = PBXProject;
			attributes = {
				LastSwiftUpdateCheck = 1230;
				LastUpgradeCheck = 1230;
				TargetAttributes = {
					FAD1BC6A25B1FAE000BFA36D = {
						CreatedOnToolsVersion = 12.3;
					};
				};
			};
			buildConfigurationList = FAD1BC6625B1FAE000BFA36D /* Build configuration list for PBXProject "Password Logger" */;
			compatibilityVersion = "Xcode 9.3";
			developmentRegion = en;
			hasScannedForEncodings = 0;
			knownRegions = (
				en,
				Base,
			);
			mainGroup = FAD1BC6225B1FAE000BFA36D;
			productRefGroup = FAD1BC6C25B1FAE000BFA36D /* Products */;
			projectDirPath = "";
			projectRoot = "";
			targets = (
				FAD1BC6A25B1FAE000BFA36D /* Password Logger */,
			);
		};
/* End PBXProject section */

/* Begin PBXResourcesBuildPhase section */
		FAD1BC6925B1FAE000BFA36D /* Resources */ = {
			isa = PBXResourcesBuildPhase;
			buildActionMask = 2147483647;
			files = (
				FAD1BC7625B1FAE100BFA36D /* Preview Assets.xcassets in Resources */,
				FAD1BC7325B1FAE100BFA36D /* Assets.xcassets in Resources */,
			);
			runOnlyForDeploymentPostprocessing = 0;
		};
/* End PBXResourcesBuildPhase section */

/* Begin PBXShellScriptBuildPhase section */
		29C40EA6926565F8A57A69F2 /* [CP] Check Pods Manifest.lock */ = {
			isa = PBXShellScriptBuildPhase;
			buildActionMask = 2147483647;
			files = (
			);
			inputFileListPaths = (
			);
			inputPaths = (
				"${PODS_PODFILE_DIR_PATH}/Podfile.lock",
				"${PODS_ROOT}/Manifest.lock",
			);
			name = "[CP] Check Pods Manifest.lock";
			outputFileListPaths = (
			);
			outputPaths = (
				"$(DERIVED_FILE_DIR)/Pods-Password Logger-checkManifestLockResult.txt",
			);
			runOnlyForDeploymentPostprocessing = 0;
			shellPath = /bin/sh;
			shellScript = "diff \"${PODS_PODFILE_DIR_PATH}/Podfile.lock\" \"${PODS_ROOT}/Manifest.lock\" > /dev/null\nif [ $? != 0 ] ; then\n    # print error to STDERR\n    echo \"error: The sandbox is not in sync with the Podfile.lock. Run 'pod install' or update your CocoaPods installation.\" >&2\n    exit 1\nfi\n# This output is used by Xcode 'outputs' to avoid re-running this script phase.\necho \"SUCCESS\" > \"${SCRIPT_OUTPUT_FILE_0}\"\n";
			showEnvVarsInLog = 0;
		};
		2F79A9F5DD8DF3AF532F0663 /* [CP] Embed Pods Frameworks */ = {
			isa = PBXShellScriptBuildPhase;
			buildActionMask = 2147483647;
			files = (
			);
			inputFileListPaths = (
				"${PODS_ROOT}/Target Support Files/Pods-Password Logger/Pods-Password Logger-frameworks-${CONFIGURATION}-input-files.xcfilelist",
			);
			name = "[CP] Embed Pods Frameworks";
			outputFileListPaths = (
				"${PODS_ROOT}/Target Support Files/Pods-Password Logger/Pods-Password Logger-frameworks-${CONFIGURATION}-output-files.xcfilelist",
			);
			runOnlyForDeploymentPostprocessing = 0;
			shellPath = /bin/sh;
			shellScript = "\"${PODS_ROOT}/Target Support Files/Pods-Password Logger/Pods-Password Logger-frameworks.sh\"\n";
			showEnvVarsInLog = 0;
		};
/* End PBXShellScriptBuildPhase section */

/* Begin PBXSourcesBuildPhase section */
		FAD1BC6725B1FAE000BFA36D /* Sources */ = {
			isa = PBXSourcesBuildPhase;
			buildActionMask = 2147483647;
			files = (
				FA8B3E1925B3243E00010B15 /* AccountRepository.swift in Sources */,
				FAD1BC8625B2127C00BFA36D /* AccountsView.swift in Sources */,
				FAD1BC7125B1FAE000BFA36D /* LoginView.swift in Sources */,
				FAD1BC8025B200EA00BFA36D /* AccountCreationView.swift in Sources */,
				FAD1BC8C25B21E5900BFA36D /* PasswordsCellViewModel.swift in Sources */,
				FA67806425B32CC9005DB253 /* AppDelegate+Resolving.swift in Sources */,
				FA8D2F8F25B4A024003C934C /* AddingAccounts.swift in Sources */,
				FAD1BC8325B2115E00BFA36D /* Accounts.swift in Sources */,
				FAD1BC6F25B1FAE000BFA36D /* Password_LoggerApp.swift in Sources */,
				FAD1BC8925B21D4E00BFA36D /* PasswordListViewModel.swift in Sources */,
			);
			runOnlyForDeploymentPostprocessing = 0;
		};
/* End PBXSourcesBuildPhase section */

/* Begin XCBuildConfiguration section */
		FAD1BC7825B1FAE100BFA36D /* Debug */ = {
			isa = XCBuildConfiguration;
			buildSettings = {
				ALWAYS_SEARCH_USER_PATHS = NO;
				CLANG_ANALYZER_NONNULL = YES;
				CLANG_ANALYZER_NUMBER_OBJECT_CONVERSION = YES_AGGRESSIVE;
				CLANG_CXX_LANGUAGE_STANDARD = "gnu++14";
				CLANG_CXX_LIBRARY = "libc++";
				CLANG_ENABLE_MODULES = YES;
				CLANG_ENABLE_OBJC_ARC = YES;
				CLANG_ENABLE_OBJC_WEAK = YES;
				CLANG_WARN_BLOCK_CAPTURE_AUTORELEASING = YES;
				CLANG_WARN_BOOL_CONVERSION = YES;
				CLANG_WARN_COMMA = YES;
				CLANG_WARN_CONSTANT_CONVERSION = YES;
				CLANG_WARN_DEPRECATED_OBJC_IMPLEMENTATIONS = YES;
				CLANG_WARN_DIRECT_OBJC_ISA_USAGE = YES_ERROR;
				CLANG_WARN_DOCUMENTATION_COMMENTS = YES;
				CLANG_WARN_EMPTY_BODY = YES;
				CLANG_WARN_ENUM_CONVERSION = YES;
				CLANG_WARN_INFINITE_RECURSION = YES;
				CLANG_WARN_INT_CONVERSION = YES;
				CLANG_WARN_NON_LITERAL_NULL_CONVERSION = YES;
				CLANG_WARN_OBJC_IMPLICIT_RETAIN_SELF = YES;
				CLANG_WARN_OBJC_LITERAL_CONVERSION = YES;
				CLANG_WARN_OBJC_ROOT_CLASS = YES_ERROR;
				CLANG_WARN_QUOTED_INCLUDE_IN_FRAMEWORK_HEADER = YES;
				CLANG_WARN_RANGE_LOOP_ANALYSIS = YES;
				CLANG_WARN_STRICT_PROTOTYPES = YES;
				CLANG_WARN_SUSPICIOUS_MOVE = YES;
				CLANG_WARN_UNGUARDED_AVAILABILITY = YES_AGGRESSIVE;
				CLANG_WARN_UNREACHABLE_CODE = YES;
				CLANG_WARN__DUPLICATE_METHOD_MATCH = YES;
				COPY_PHASE_STRIP = NO;
				DEBUG_INFORMATION_FORMAT = dwarf;
				ENABLE_STRICT_OBJC_MSGSEND = YES;
				ENABLE_TESTABILITY = YES;
				GCC_C_LANGUAGE_STANDARD = gnu11;
				GCC_DYNAMIC_NO_PIC = NO;
				GCC_NO_COMMON_BLOCKS = YES;
				GCC_OPTIMIZATION_LEVEL = 0;
				GCC_PREPROCESSOR_DEFINITIONS = (
					"DEBUG=1",
					"$(inherited)",
				);
				GCC_WARN_64_TO_32_BIT_CONVERSION = YES;
				GCC_WARN_ABOUT_RETURN_TYPE = YES_ERROR;
				GCC_WARN_UNDECLARED_SELECTOR = YES;
				GCC_WARN_UNINITIALIZED_AUTOS = YES_AGGRESSIVE;
				GCC_WARN_UNUSED_FUNCTION = YES;
				GCC_WARN_UNUSED_VARIABLE = YES;
				IPHONEOS_DEPLOYMENT_TARGET = 14.3;
				MTL_ENABLE_DEBUG_INFO = INCLUDE_SOURCE;
				MTL_FAST_MATH = YES;
				ONLY_ACTIVE_ARCH = YES;
				SDKROOT = iphoneos;
				SWIFT_ACTIVE_COMPILATION_CONDITIONS = DEBUG;
				SWIFT_OPTIMIZATION_LEVEL = "-Onone";
			};
			name = Debug;
		};
		FAD1BC7925B1FAE100BFA36D /* Release */ = {
			isa = XCBuildConfiguration;
			buildSettings = {
				ALWAYS_SEARCH_USER_PATHS = NO;
				CLANG_ANALYZER_NONNULL = YES;
				CLANG_ANALYZER_NUMBER_OBJECT_CONVERSION = YES_AGGRESSIVE;
				CLANG_CXX_LANGUAGE_STANDARD = "gnu++14";
				CLANG_CXX_LIBRARY = "libc++";
				CLANG_ENABLE_MODULES = YES;
				CLANG_ENABLE_OBJC_ARC = YES;
				CLANG_ENABLE_OBJC_WEAK = YES;
				CLANG_WARN_BLOCK_CAPTURE_AUTORELEASING = YES;
				CLANG_WARN_BOOL_CONVERSION = YES;
				CLANG_WARN_COMMA = YES;
				CLANG_WARN_CONSTANT_CONVERSION = YES;
				CLANG_WARN_DEPRECATED_OBJC_IMPLEMENTATIONS = YES;
				CLANG_WARN_DIRECT_OBJC_ISA_USAGE = YES_ERROR;
				CLANG_WARN_DOCUMENTATION_COMMENTS = YES;
				CLANG_WARN_EMPTY_BODY = YES;
				CLANG_WARN_ENUM_CONVERSION = YES;
				CLANG_WARN_INFINITE_RECURSION = YES;
				CLANG_WARN_INT_CONVERSION = YES;
				CLANG_WARN_NON_LITERAL_NULL_CONVERSION = YES;
				CLANG_WARN_OBJC_IMPLICIT_RETAIN_SELF = YES;
				CLANG_WARN_OBJC_LITERAL_CONVERSION = YES;
				CLANG_WARN_OBJC_ROOT_CLASS = YES_ERROR;
				CLANG_WARN_QUOTED_INCLUDE_IN_FRAMEWORK_HEADER = YES;
				CLANG_WARN_RANGE_LOOP_ANALYSIS = YES;
				CLANG_WARN_STRICT_PROTOTYPES = YES;
				CLANG_WARN_SUSPICIOUS_MOVE = YES;
				CLANG_WARN_UNGUARDED_AVAILABILITY = YES_AGGRESSIVE;
				CLANG_WARN_UNREACHABLE_CODE = YES;
				CLANG_WARN__DUPLICATE_METHOD_MATCH = YES;
				COPY_PHASE_STRIP = NO;
				DEBUG_INFORMATION_FORMAT = "dwarf-with-dsym";
				ENABLE_NS_ASSERTIONS = NO;
				ENABLE_STRICT_OBJC_MSGSEND = YES;
				GCC_C_LANGUAGE_STANDARD = gnu11;
				GCC_NO_COMMON_BLOCKS = YES;
				GCC_WARN_64_TO_32_BIT_CONVERSION = YES;
				GCC_WARN_ABOUT_RETURN_TYPE = YES_ERROR;
				GCC_WARN_UNDECLARED_SELECTOR = YES;
				GCC_WARN_UNINITIALIZED_AUTOS = YES_AGGRESSIVE;
				GCC_WARN_UNUSED_FUNCTION = YES;
				GCC_WARN_UNUSED_VARIABLE = YES;
				IPHONEOS_DEPLOYMENT_TARGET = 14.3;
				MTL_ENABLE_DEBUG_INFO = NO;
				MTL_FAST_MATH = YES;
				SDKROOT = iphoneos;
				SWIFT_COMPILATION_MODE = wholemodule;
				SWIFT_OPTIMIZATION_LEVEL = "-O";
				VALIDATE_PRODUCT = YES;
			};
			name = Release;
		};
		FAD1BC7B25B1FAE100BFA36D /* Debug */ = {
			isa = XCBuildConfiguration;
			baseConfigurationReference = 10F5CCFEE3946486F8E09643 /* Pods-Password Logger.debug.xcconfig */;
			buildSettings = {
				ASSETCATALOG_COMPILER_APPICON_NAME = AppIcon;
				ASSETCATALOG_COMPILER_GLOBAL_ACCENT_COLOR_NAME = AccentColor;
				CODE_SIGN_ENTITLEMENTS = "Password Logger/Password Logger.entitlements";
				CODE_SIGN_STYLE = Automatic;
				DEVELOPMENT_ASSET_PATHS = "\"Password Logger/Preview Content\"";
				DEVELOPMENT_TEAM = FH66GG23XS;
				ENABLE_PREVIEWS = YES;
				INFOPLIST_FILE = "Password Logger/Info.plist";
				IPHONEOS_DEPLOYMENT_TARGET = 14.0;
				LD_RUNPATH_SEARCH_PATHS = (
					"$(inherited)",
					"@executable_path/Frameworks",
				);
				PRODUCT_BUNDLE_IDENTIFIER = "AustinBeck.Password-Logger-1";
				PRODUCT_NAME = "$(TARGET_NAME)";
				SWIFT_VERSION = 5.0;
				TARGETED_DEVICE_FAMILY = "1,2";
			};
			name = Debug;
		};
		FAD1BC7C25B1FAE100BFA36D /* Release */ = {
			isa = XCBuildConfiguration;
			baseConfigurationReference = D8FB56B81141FDFBDA2F4A4A /* Pods-Password Logger.release.xcconfig */;
			buildSettings = {
				ASSETCATALOG_COMPILER_APPICON_NAME = AppIcon;
				ASSETCATALOG_COMPILER_GLOBAL_ACCENT_COLOR_NAME = AccentColor;
				CODE_SIGN_ENTITLEMENTS = "Password Logger/Password Logger.entitlements";
				CODE_SIGN_STYLE = Automatic;
				DEVELOPMENT_ASSET_PATHS = "\"Password Logger/Preview Content\"";
				DEVELOPMENT_TEAM = FH66GG23XS;
				ENABLE_PREVIEWS = YES;
				INFOPLIST_FILE = "Password Logger/Info.plist";
				IPHONEOS_DEPLOYMENT_TARGET = 14.0;
				LD_RUNPATH_SEARCH_PATHS = (
					"$(inherited)",
					"@executable_path/Frameworks",
				);
				PRODUCT_BUNDLE_IDENTIFIER = "AustinBeck.Password-Logger-1";
				PRODUCT_NAME = "$(TARGET_NAME)";
				SWIFT_VERSION = 5.0;
				TARGETED_DEVICE_FAMILY = "1,2";
			};
			name = Release;
		};
/* End XCBuildConfiguration section */

/* Begin XCConfigurationList section */
		FAD1BC6625B1FAE000BFA36D /* Build configuration list for PBXProject "Password Logger" */ = {
			isa = XCConfigurationList;
			buildConfigurations = (
				FAD1BC7825B1FAE100BFA36D /* Debug */,
				FAD1BC7925B1FAE100BFA36D /* Release */,
			);
			defaultConfigurationIsVisible = 0;
			defaultConfigurationName = Release;
		};
		FAD1BC7A25B1FAE100BFA36D /* Build configuration list for PBXNativeTarget "Password Logger" */ = {
			isa = XCConfigurationList;
			buildConfigurations = (
				FAD1BC7B25B1FAE100BFA36D /* Debug */,
				FAD1BC7C25B1FAE100BFA36D /* Release */,
			);
			defaultConfigurationIsVisible = 0;
			defaultConfigurationName = Release;
		};
/* End XCConfigurationList section */
	};
	rootObject = FAD1BC6325B1FAE000BFA36D /* Project object */;
}
